{
  "projects": [
    {
      "projectId": "deKwkoK4pA1w3jYaAefVBE",
      "version": "latest",
      "dependencies": {},
      "lang": "js",
      "fileLocks": [
        {
          "type": "globalVariant",
          "assetId": "rjDmXLLiWNTyry",
          "checksum": "db203f5a7d18d7a27a3c831f64b078c6"
        },
        {
          "assetId": "deKwkoK4pA1w3jYaAefVBE",
          "type": "projectCss",
          "checksum": "16ab8ba82dd8ec21d8bc1f16cc1caf22"
        },
        {
          "type": "renderModule",
          "assetId": "S3xOQUULWLqz-",
          "checksum": "5eb0f85466c2192867fbaa1f1fccd485"
        },
        {
          "type": "cssRules",
          "assetId": "S3xOQUULWLqz-",
          "checksum": "5eb0f85466c2192867fbaa1f1fccd485"
        },
        {
          "type": "renderModule",
          "assetId": "BzFeYtaDPGuPG",
          "checksum": "56f98e571fdb0e2770306dafcc8a38e8"
        },
        {
          "type": "cssRules",
          "assetId": "BzFeYtaDPGuPG",
          "checksum": "56f98e571fdb0e2770306dafcc8a38e8"
        },
        {
          "type": "renderModule",
          "assetId": "IZ7cmxqWjCYvg",
          "checksum": "1636f6e3d5d073635d76cd2812c289bd"
        },
        {
          "type": "cssRules",
          "assetId": "IZ7cmxqWjCYvg",
          "checksum": "1636f6e3d5d073635d76cd2812c289bd"
        },
        {
          "type": "renderModule",
          "assetId": "rUgGjC8cM1U1l",
          "checksum": "249e1ea1b68143f32f8dbe495eeff2d6"
        },
        {
          "type": "cssRules",
          "assetId": "rUgGjC8cM1U1l",
          "checksum": "249e1ea1b68143f32f8dbe495eeff2d6"
        },
        {
          "type": "renderModule",
          "assetId": "1_AoDTejJueIFc",
          "checksum": "6b3c75529be5cc19f321e3d7368c4472"
        },
        {
          "type": "cssRules",
          "assetId": "1_AoDTejJueIFc",
          "checksum": "6b3c75529be5cc19f321e3d7368c4472"
        },
        {
          "type": "renderModule",
          "assetId": "tu75SPTPNjm57x",
          "checksum": "eed8ebdf513785ccb9cd3f230ae5c7f4"
        },
        {
          "type": "cssRules",
          "assetId": "tu75SPTPNjm57x",
          "checksum": "eed8ebdf513785ccb9cd3f230ae5c7f4"
        },
        {
          "type": "renderModule",
          "assetId": "Gi0R8Il596DPNa",
          "checksum": "ea8ff346314e6fe2932c6489404616ab"
        },
        {
          "type": "cssRules",
          "assetId": "Gi0R8Il596DPNa",
          "checksum": "ea8ff346314e6fe2932c6489404616ab"
        },
        {
          "type": "renderModule",
          "assetId": "d8bL9Y2_gRt_he",
          "checksum": "51aac35993a0c0d0e8aab6770e58f163"
        },
        {
          "type": "cssRules",
          "assetId": "d8bL9Y2_gRt_he",
          "checksum": "51aac35993a0c0d0e8aab6770e58f163"
        },
        {
          "type": "renderModule",
          "assetId": "7_QVl897eB3MHy",
          "checksum": "4f8ba77f478e35646fff8505ed942309"
        },
        {
          "type": "cssRules",
          "assetId": "7_QVl897eB3MHy",
          "checksum": "4f8ba77f478e35646fff8505ed942309"
        },
        {
          "type": "renderModule",
          "assetId": "Q16YjPEYk5yNyA",
          "checksum": "a70f20768698f8490f7fe22ec44b5289"
        },
        {
          "type": "cssRules",
          "assetId": "Q16YjPEYk5yNyA",
          "checksum": "a70f20768698f8490f7fe22ec44b5289"
        },
        {
          "type": "renderModule",
          "assetId": "v9iiG2M953HZOc",
          "checksum": "92d5c7f677d0f016a57b3a8fd74ae496"
        },
        {
          "type": "cssRules",
          "assetId": "v9iiG2M953HZOc",
          "checksum": "92d5c7f677d0f016a57b3a8fd74ae496"
        },
        {
          "type": "renderModule",
          "assetId": "q_9J07FjKI49cH",
          "checksum": "5b4ffd36e63cf802216be25378245d45"
        },
        {
          "type": "cssRules",
          "assetId": "q_9J07FjKI49cH",
          "checksum": "5b4ffd36e63cf802216be25378245d45"
        },
        {
          "type": "renderModule",
          "assetId": "WpjxXuLMQkn-2l",
          "checksum": "59104d8ad05ea750caca38ef09dadab8"
        },
        {
          "type": "cssRules",
          "assetId": "WpjxXuLMQkn-2l",
          "checksum": "59104d8ad05ea750caca38ef09dadab8"
        },
        {
          "type": "icon",
          "assetId": "7e8vQErGRdFRxV",
          "checksum": "f0bd4470935e6bad78c4ac0d24aead60"
        },
        {
          "type": "icon",
          "assetId": "nVVCS8rw2_l-_S",
          "checksum": "1e735c56d044e074fce09cbd52270d5e"
        },
        {
          "type": "icon",
          "assetId": "d1F840sVLom6Mq",
          "checksum": "a934fd43a5b932edbeaca37896474aa7"
        },
        {
          "type": "icon",
          "assetId": "q8RSDI71ifmvHI",
          "checksum": "337a59c1489b053bbbcc63f19b61ed8e"
        },
        {
          "type": "icon",
          "assetId": "IgQlLs2PQZivgr",
          "checksum": "ead14c35b88d01d80c83b277410b4db3"
        },
        {
          "type": "icon",
          "assetId": "Y-9MHhtdATSnQF",
          "checksum": "e6184fa09c51f6deab7da2c5730fcb3c"
        },
        {
          "type": "icon",
          "assetId": "c1GADTv9fhR8S5",
          "checksum": "48cb8613064dcaaec30e2014ecb55c5c"
        },
        {
          "type": "icon",
          "assetId": "Ug2RGu2eumircN",
          "checksum": "b820b91796ab584c7f9923a72b5584e3"
        },
        {
          "type": "icon",
          "assetId": "N54HoqGP4VcoPc",
          "checksum": "e43ab9f5c24275e797a4af0becaf5781"
        },
        {
          "type": "icon",
          "assetId": "ElGSs9AuHMLhTU",
          "checksum": "8a662bf6ec6b52cad041dcc206f6aea0"
        },
        {
          "type": "icon",
          "assetId": "0DmeRTl_cL90bI",
          "checksum": "690c298adc70d6e6f336d1ca64d44fac"
        },
        {
          "type": "icon",
          "assetId": "sotM-oLTv4PQoT",
          "checksum": "8a8ca1826901c973628122d2407104fb"
        },
        {
          "type": "icon",
          "assetId": "z-NBm6ScN4CX2I",
          "checksum": "09a6148f905fc17b0b775a32692deb21"
        },
        {
          "type": "icon",
          "assetId": "CTv1HG4Rb76vD3",
          "checksum": "6f35d037f0a2e73de6ef3a3701cc8a61"
        },
        {
          "type": "icon",
          "assetId": "KShInrsyWaflUh",
          "checksum": "d1740010ce09e9d71faaed05a100ace8"
        },
        {
          "type": "icon",
          "assetId": "RxipPuPCnHkGl7",
          "checksum": "eee80fbc7585a57d10eb9a3f108bbe8c"
        },
        {
          "type": "icon",
          "assetId": "WQ52TjU0YmHFxm",
          "checksum": "4adbf2ae68c60ad68a0d1dc87957ffe9"
        },
        {
          "type": "icon",
          "assetId": "OQdjdACrVYB2qJ",
          "checksum": "50f18cd10e8f1e0635bd9102461913f7"
        },
        {
          "type": "icon",
          "assetId": "Ef5GQ04R83kK-I",
          "checksum": "31612a3362f5549586779e87b56a689a"
        },
        {
          "type": "image",
          "assetId": "vBFV-6T-yITV_-",
          "checksum": "cfdc4d6b73eae89bbf8867d027c8a485"
        },
        {
          "type": "image",
          "assetId": "UCfONxlonq0rtK",
          "checksum": "d186cab13f0b51616b582590f43e8bbe"
        },
        {
          "type": "image",
          "assetId": "nu43L5QVBdoC-o",
          "checksum": "f66c460902407b3cfb3cca6171023ed3"
        },
        {
          "type": "image",
          "assetId": "0VwrrxHYjE83Fh",
          "checksum": "f0ee86c719464e70f09080d8ce55525c"
        },
        {
          "type": "image",
          "assetId": "ZfyjzbpmMtoIdy",
          "checksum": "5cad23d0e6e2ad2c7065e9b9b0581bce"
        },
        {
          "type": "image",
          "assetId": "bPYT-nYXoI9SAr",
          "checksum": "8d8809d86f54a68388595b389b51da98"
        },
        {
          "type": "image",
          "assetId": "xZvCd-wJbI75Ln",
          "checksum": "5cafa9f5ff1ab165f65e7b182ffec58d"
        },
        {
          "type": "image",
          "assetId": "N7D-XZnxPaRrnt",
          "checksum": "ae05c4ff82a61dfaf5b1f321965729f8"
        },
        {
          "type": "image",
          "assetId": "qPxbFLDg-yBmXb",
          "checksum": "ae72e6df84444d47f01eccf1075768cc"
        },
        {
          "type": "image",
          "assetId": "sonD8VzzbBQJfS",
          "checksum": "51f23bbbde792e9e4f92d8ef8316f43b"
        },
        {
          "type": "image",
          "assetId": "AbKaKNKlkLhpZX",
          "checksum": "aa973c6d45848fc279969814bdf7cd2f"
        },
        {
          "type": "image",
          "assetId": "kbuuBd1w9iQC8L",
          "checksum": "c2ab105b882c306b2c33d4b09197892a"
        },
        {
          "type": "image",
          "assetId": "RLwcsNS3rrTPIs",
          "checksum": "ce967db200e0f0ad2431f672951172af"
        },
        {
          "type": "image",
          "assetId": "ygx0Ph_qVUfqRQ",
          "checksum": "f7bdf992316fd3dcdcc94aa755bf2c4f"
        },
        {
          "type": "image",
          "assetId": "CU0E6MaUSVplGz",
          "checksum": "76bd5ed281c4abab569a7ba8926f0347"
        },
        {
          "type": "image",
          "assetId": "o6yNW-tH-cFxoc",
          "checksum": "a0e9003e93fa481d0033ba01d8bf295d"
        },
        {
          "type": "image",
          "assetId": "ANrCSDQJKunl23",
          "checksum": "6ba589686d557cf00735ca29f16f0a2d"
        },
        {
          "type": "image",
          "assetId": "7Bx_jDKCqjAbzd",
          "checksum": "981cc62183226a9777623ec400fa6270"
        },
        {
          "type": "image",
          "assetId": "GB9f3XC3PMboOq",
          "checksum": "2a311a5dcd5664a390ce29b224b863a3"
        },
        {
          "type": "image",
          "assetId": "hd_OJ01a2jP6Aw",
          "checksum": "60a648a8de9d59098b7bdf159437356f"
        },
        {
          "type": "image",
          "assetId": "CsEbiTo5NhtwKg",
          "checksum": "03f45734af9020e38dde53a7ec5b94a4"
        },
        {
          "type": "image",
          "assetId": "63r--JQ0Dr8pgy",
          "checksum": "d1ef3a8e3f54e291f6d4731fae9a4638"
        },
        {
          "type": "image",
          "assetId": "ODw1eOY6zzXkAh",
          "checksum": "054bcfef7a4d4c7f3b694d1f1d747c94"
        },
        {
          "type": "image",
          "assetId": "5NZF_l42Y5wC6h",
          "checksum": "31d1908a3b092a13e47093824e84cc79"
        },
        {
          "type": "image",
          "assetId": "tsN-PELlDdFfTm",
          "checksum": "003acbb05d54dfb4fd2f9e752f680978"
        },
        {
          "type": "image",
          "assetId": "HS-5VNPNNUf-49",
          "checksum": "45b0c6cffd365a304cda1b1a6dd8e81e"
        },
        {
          "type": "image",
          "assetId": "f-Z9Q1Xeru2rgp",
          "checksum": "597847307ad3ea3280f762eb38d0bbe9"
        },
        {
          "type": "image",
          "assetId": "c1LAhhs2J48jpa",
          "checksum": "ccba67ff70be7936b652a8fe8033a97e"
        },
        {
          "type": "image",
          "assetId": "62DIiSw0B_I9oc",
          "checksum": "aedd8569f907f52ba7364bf2cbfd1bac"
        },
        {
          "type": "image",
          "assetId": "Z1FiwqDdhQ4R3m",
          "checksum": "2ea5ce9742c1f5374228462d71c8cf53"
        },
        {
          "type": "image",
          "assetId": "S0tPC0R9jr9eid",
          "checksum": "519a16e5b8fcf8f2574ca8a66a83f66b"
        },
        {
          "type": "image",
          "assetId": "vq-obaLZZbCl-b",
          "checksum": "00b4c3d0c9e4bf5c95bcdfaee55624b3"
        },
        {
          "type": "image",
          "assetId": "Ez2iwVb0TkR67c",
          "checksum": "2669062db7651e206140a1a7d386d638"
        },
        {
          "type": "image",
          "assetId": "1iP5OSZtbyNdsr",
          "checksum": "e37b30c71a3298aaad34557e747f8aae"
        },
        {
          "type": "image",
          "assetId": "LY4ofeD79uSmHZ",
          "checksum": "de22df12a677f21b3dd7114385db6ce3"
        },
        {
          "type": "image",
          "assetId": "3KGo5GfCMqluMf",
          "checksum": "f9bc3c6581103ab4193a05dc5f5abbad"
        },
        {
          "type": "image",
          "assetId": "zpeXuNLlLLtLQa",
          "checksum": "046b2441a5237cddad97013ba90d5331"
        },
        {
          "type": "image",
          "assetId": "uYljfeIiE7l2sh",
          "checksum": "f1fe016f607e180c8065d24e5f6b2169"
        },
        {
          "type": "image",
          "assetId": "9Syp8oKyA5qZJy",
          "checksum": "055a36f4582219c23e1c8028900506d3"
        },
        {
          "type": "image",
          "assetId": "8W1wOWpsRMb4o_",
          "checksum": "df9e39897b5da5f1e8e80493baea845c"
        },
        {
          "type": "image",
          "assetId": "as0HNIrI2HUueZ",
          "checksum": "4b39e4f8c0378bf820eb987c1d6f8f48"
        },
        {
          "type": "image",
          "assetId": "XRs3BLpaCimmsf",
          "checksum": "1a02b7f4789cee615574312a4a80bdc4"
        },
        {
          "type": "image",
          "assetId": "Ic_5UL3kpCr2tk",
          "checksum": "91dc9e385b3850db9c4b8644e9254a80"
        },
        {
          "type": "image",
          "assetId": "bQBlOpLVDjBAUY",
          "checksum": "d8f1bd7de9184322c0a169cf725ba870"
        },
        {
          "type": "image",
          "assetId": "T-9yp7sT_ZicpB",
          "checksum": "808c435febf5e5d9867c41dd58e82e82"
        },
        {
          "type": "image",
          "assetId": "tasIsdrChWu0LA",
          "checksum": "bcc92823a194728593ed8b860e5c6c53"
        },
        {
          "type": "image",
          "assetId": "AwK_yPgitL9Zv0",
          "checksum": "a95870708b602949f135f15f7b091cd4"
        },
        {
          "type": "image",
          "assetId": "nC05l_dPan-asE",
          "checksum": "831536e5a1742a9f87d0a173d40a2a31"
        },
        {
          "type": "image",
          "assetId": "kBsvQoJiVS8CBS",
          "checksum": "404b16559a6e80f7be199e8eaf789af1"
        },
        {
          "type": "image",
          "assetId": "ClM9FllO7konfX",
          "checksum": "46462a4af44959f925cd2c7065174304"
        },
        {
          "type": "image",
          "assetId": "KCgANGfOoChihr",
          "checksum": "3f836700bdf4974d1ddea469fd4de5ab"
        },
        {
          "type": "image",
          "assetId": "E8O7G209USxCex",
          "checksum": "30428709ec3f36f3f163fab15ac1d698"
        },
        {
          "type": "image",
          "assetId": "g7rneH3MEsqQTI",
          "checksum": "910ab73852271a5e08b3b0c4763ae0a1"
        },
        {
          "type": "image",
          "assetId": "jEAqYRGa2aoOSb",
          "checksum": "f80d94848a866d34a49a067de6bcf486"
        },
        {
          "type": "image",
          "assetId": "pFEBy9iWI0Oqpt",
          "checksum": "a16f2a116e107591fa23668fcb591c6e"
        },
        {
          "type": "image",
          "assetId": "yhVJyf0qhMYRvj",
          "checksum": "0a5120af921049f7dff35c0eed8bb29d"
        },
        {
          "type": "image",
          "assetId": "TTd4LFp4bmPkTm",
          "checksum": "c5e5240dc9e00d4643991a38bdfd076c"
        },
        {
          "type": "image",
          "assetId": "G3nnHcZPMPbkjp",
          "checksum": "4cef748190ac23b6c1f8f99371339147"
        },
        {
          "type": "image",
          "assetId": "-thdyxglMtVlhj",
          "checksum": "8cbc4ae4154227659038c403ce485d62"
        },
        {
          "type": "image",
          "assetId": "ICgUiAg0bVKRNN",
          "checksum": "5ca59358bb5715c78891fa5f350ea82d"
        },
        {
          "type": "image",
          "assetId": "ZcQ3Wy7nQO0WyM",
          "checksum": "fb04181b3a97b48d6f7acfbda95a05f9"
        },
        {
          "type": "image",
          "assetId": "vZ2-lIQsYQhTMe",
          "checksum": "4c6ed6bacf4150e8794a3138457f5402"
        }
      ],
      "codegenVersion": "0.0.1"
    }
  ],
  "cliVersion": "0.1.182"
}
